// !$*UTF8*$!
{
	archiveVersion = 1;
	classes = {
	};
	objectVersion = 55;
	objects = {

/* Begin PBXBuildFile section */
		0F990E82289E43710053C074 /* AppDelegate.swift in Sources */ = {isa = PBXBuildFile; fileRef = 0F990E81289E43710053C074 /* AppDelegate.swift */; };
		0F990E84289E43710053C074 /* SceneDelegate.swift in Sources */ = {isa = PBXBuildFile; fileRef = 0F990E83289E43710053C074 /* SceneDelegate.swift */; };
		0F990E86289E43710053C074 /* ViewController.swift in Sources */ = {isa = PBXBuildFile; fileRef = 0F990E85289E43710053C074 /* ViewController.swift */; };
		0F990E89289E43710053C074 /* Main.storyboard in Resources */ = {isa = PBXBuildFile; fileRef = 0F990E87289E43710053C074 /* Main.storyboard */; };
		0F990E8B289E43740053C074 /* Assets.xcassets in Resources */ = {isa = PBXBuildFile; fileRef = 0F990E8A289E43740053C074 /* Assets.xcassets */; };
		0F990E8E289E43740053C074 /* LaunchScreen.storyboard in Resources */ = {isa = PBXBuildFile; fileRef = 0F990E8C289E43740053C074 /* LaunchScreen.storyboard */; };
		0F990E99289E43740053C074 /* AnkaTests.swift in Sources */ = {isa = PBXBuildFile; fileRef = 0F990E98289E43740053C074 /* AnkaTests.swift */; };
		0F990EA3289E43740053C074 /* AnkaUITests.swift in Sources */ = {isa = PBXBuildFile; fileRef = 0F990EA2289E43740053C074 /* AnkaUITests.swift */; };
		0F990EA5289E43740053C074 /* AnkaUITestsLaunchTests.swift in Sources */ = {isa = PBXBuildFile; fileRef = 0F990EA4289E43740053C074 /* AnkaUITestsLaunchTests.swift */; };
		0F990EB2289E43A20053C074 /* gezi.swift in Sources */ = {isa = PBXBuildFile; fileRef = 0F990EB1289E43A20053C074 /* gezi.swift */; };
		0F990EB4289E43C10053C074 /* ViewController2.swift in Sources */ = {isa = PBXBuildFile; fileRef = 0F990EB3289E43C10053C074 /* ViewController2.swift */; };
		0F990EB6289E43CF0053C074 /* ViewController3.swift in Sources */ = {isa = PBXBuildFile; fileRef = 0F990EB5289E43CF0053C074 /* ViewController3.swift */; };
/* End PBXBuildFile section */

/* Begin PBXContainerItemProxy section */
		0F990E95289E43740053C074 /* PBXContainerItemProxy */ = {
			isa = PBXContainerItemProxy;
			containerPortal = 0F990E76289E43710053C074 /* Project object */;
			proxyType = 1;
			remoteGlobalIDString = 0F990E7D289E43710053C074;
			remoteInfo = Anka;
		};
		0F990E9F289E43740053C074 /* PBXContainerItemProxy */ = {
			isa = PBXContainerItemProxy;
			containerPortal = 0F990E76289E43710053C074 /* Project object */;
			proxyType = 1;
			remoteGlobalIDString = 0F990E7D289E43710053C074;
			remoteInfo = Anka;
		};
/* End PBXContainerItemProxy section */

/* Begin PBXFileReference section */
		0F990E7E289E43710053C074 /* Anka.app */ = {isa = PBXFileReference; explicitFileType = wrapper.application; includeInIndex = 0; path = Anka.app; sourceTree = BUILT_PRODUCTS_DIR; };
		0F990E81289E43710053C074 /* AppDelegate.swift */ = {isa = PBXFileReference; lastKnownFileType = sourcecode.swift; path = AppDelegate.swift; sourceTree = "<group>"; };
		0F990E83289E43710053C074 /* SceneDelegate.swift */ = {isa = PBXFileReference; lastKnownFileType = sourcecode.swift; path = SceneDelegate.swift; sourceTree = "<group>"; };
		0F990E85289E43710053C074 /* ViewController.swift */ = {isa = PBXFileReference; lastKnownFileType = sourcecode.swift; path = ViewController.swift; sourceTree = "<group>"; };
		0F990E88289E43710053C074 /* Base */ = {isa = PBXFileReference; lastKnownFileType = file.storyboard; name = Base; path = Base.lproj/Main.storyboard; sourceTree = "<group>"; };
		0F990E8A289E43740053C074 /* Assets.xcassets */ = {isa = PBXFileReference; lastKnownFileType = folder.assetcatalog; path = Assets.xcassets; sourceTree = "<group>"; };
		0F990E8D289E43740053C074 /* Base */ = {isa = PBXFileReference; lastKnownFileType = file.storyboard; name = Base; path = Base.lproj/LaunchScreen.storyboard; sourceTree = "<group>"; };
		0F990E8F289E43740053C074 /* Info.plist */ = {isa = PBXFileReference; lastKnownFileType = text.plist.xml; path = Info.plist; sourceTree = "<group>"; };
		0F990E94289E43740053C074 /* AnkaTests.xctest */ = {isa = PBXFileReference; explicitFileType = wrapper.cfbundle; includeInIndex = 0; path = AnkaTests.xctest; sourceTree = BUILT_PRODUCTS_DIR; };
		0F990E98289E43740053C074 /* AnkaTests.swift */ = {isa = PBXFileReference; lastKnownFileType = sourcecode.swift; path = AnkaTests.swift; sourceTree = "<group>"; };
		0F990E9E289E43740053C074 /* AnkaUITests.xctest */ = {isa = PBXFileReference; explicitFileType = wrapper.cfbundle; includeInIndex = 0; path = AnkaUITests.xctest; sourceTree = BUILT_PRODUCTS_DIR; };
		0F990EA2289E43740053C074 /* AnkaUITests.swift */ = {isa = PBXFileReference; lastKnownFileType = sourcecode.swift; path = AnkaUITests.swift; sourceTree = "<group>"; };
		0F990EA4289E43740053C074 /* AnkaUITestsLaunchTests.swift */ = {isa = PBXFileReference; lastKnownFileType = sourcecode.swift; path = AnkaUITestsLaunchTests.swift; sourceTree = "<group>"; };
		0F990EB1289E43A20053C074 /* gezi.swift */ = {isa = PBXFileReference; lastKnownFileType = sourcecode.swift; path = gezi.swift; sourceTree = "<group>"; };
		0F990EB3289E43C10053C074 /* ViewController2.swift */ = {isa = PBXFileReference; lastKnownFileType = sourcecode.swift; path = ViewController2.swift; sourceTree = "<group>"; };
		0F990EB5289E43CF0053C074 /* ViewController3.swift */ = {isa = PBXFileReference; lastKnownFileType = sourcecode.swift; path = ViewController3.swift; sourceTree = "<group>"; };
/* End PBXFileReference section */

/* Begin PBXFrameworksBuildPhase section */
		0F990E7B289E43710053C074 /* Frameworks */ = {
			isa = PBXFrameworksBuildPhase;
			buildActionMask = 2147483647;
			files = (
			);
			runOnlyForDeploymentPostprocessing = 0;
		};
		0F990E91289E43740053C074 /* Frameworks */ = {
			isa = PBXFrameworksBuildPhase;
			buildActionMask = 2147483647;
			files = (
			);
			runOnlyForDeploymentPostprocessing = 0;
		};
		0F990E9B289E43740053C074 /* Frameworks */ = {
			isa = PBXFrameworksBuildPhase;
			buildActionMask = 2147483647;
			files = (
			);
			runOnlyForDeploymentPostprocessing = 0;
		};
/* End PBXFrameworksBuildPhase section */

/* Begin PBXGroup section */
		0F990E75289E43710053C074 = {
			isa = PBXGroup;
			children = (
				0F990E80289E43710053C074 /* Anka */,
				0F990E97289E43740053C074 /* AnkaTests */,
				0F990EA1289E43740053C074 /* AnkaUITests */,
				0F990E7F289E43710053C074 /* Products */,
			);
			sourceTree = "<group>";
		};
		0F990E7F289E43710053C074 /* Products */ = {
			isa = PBXGroup;
			children = (
				0F990E7E289E43710053C074 /* Anka.app */,
				0F990E94289E43740053C074 /* AnkaTests.xctest */,
				0F990E9E289E43740053C074 /* AnkaUITests.xctest */,
			);
			name = Products;
			sourceTree = "<group>";
		};
		0F990E80289E43710053C074 /* Anka */ = {
			isa = PBXGroup;
			children = (
				0F990E81289E43710053C074 /* AppDelegate.swift */,
				0F990E83289E43710053C074 /* SceneDelegate.swift */,
				0F990E85289E43710053C074 /* ViewController.swift */,
				0F990E87289E43710053C074 /* Main.storyboard */,
				0F990E8A289E43740053C074 /* Assets.xcassets */,
				0F990E8C289E43740053C074 /* LaunchScreen.storyboard */,
				0F990E8F289E43740053C074 /* Info.plist */,
				0F990EB1289E43A20053C074 /* gezi.swift */,
				0F990EB3289E43C10053C074 /* ViewController2.swift */,
				0F990EB5289E43CF0053C074 /* ViewController3.swift */,
			);
			path = Anka;
			sourceTree = "<group>";
		};
		0F990E97289E43740053C074 /* AnkaTests */ = {
			isa = PBXGroup;
			children = (
				0F990E98289E43740053C074 /* AnkaTests.swift */,
			);
			path = AnkaTests;
			sourceTree = "<group>";
		};
		0F990EA1289E43740053C074 /* AnkaUITests */ = {
			isa = PBXGroup;
			children = (
				0F990EA2289E43740053C074 /* AnkaUITests.swift */,
				0F990EA4289E43740053C074 /* AnkaUITestsLaunchTests.swift */,
			);
			path = AnkaUITests;
			sourceTree = "<group>";
		};
/* End PBXGroup section */

/* Begin PBXNativeTarget section */
		0F990E7D289E43710053C074 /* Anka */ = {
			isa = PBXNativeTarget;
			buildConfigurationList = 0F990EA8289E43740053C074 /* Build configuration list for PBXNativeTarget "Anka" */;
			buildPhases = (
				0F990E7A289E43710053C074 /* Sources */,
				0F990E7B289E43710053C074 /* Frameworks */,
				0F990E7C289E43710053C074 /* Resources */,
			);
			buildRules = (
			);
			dependencies = (
			);
			name = Anka;
			productName = Anka;
			productReference = 0F990E7E289E43710053C074 /* Anka.app */;
			productType = "com.apple.product-type.application";
		};
		0F990E93289E43740053C074 /* AnkaTests */ = {
			isa = PBXNativeTarget;
			buildConfigurationList = 0F990EAB289E43740053C074 /* Build configuration list for PBXNativeTarget "AnkaTests" */;
			buildPhases = (
				0F990E90289E43740053C074 /* Sources */,
				0F990E91289E43740053C074 /* Frameworks */,
				0F990E92289E43740053C074 /* Resources */,
			);
			buildRules = (
			);
			dependencies = (
				0F990E96289E43740053C074 /* PBXTargetDependency */,
			);
			name = AnkaTests;
			productName = AnkaTests;
			productReference = 0F990E94289E43740053C074 /* AnkaTests.xctest */;
			productType = "com.apple.product-type.bundle.unit-test";
		};
		0F990E9D289E43740053C074 /* AnkaUITests */ = {
			isa = PBXNativeTarget;
			buildConfigurationList = 0F990EAE289E43740053C074 /* Build configuration list for PBXNativeTarget "AnkaUITests" */;
			buildPhases = (
				0F990E9A289E43740053C074 /* Sources */,
				0F990E9B289E43740053C074 /* Frameworks */,
				0F990E9C289E43740053C074 /* Resources */,
			);
			buildRules = (
			);
			dependencies = (
				0F990EA0289E43740053C074 /* PBXTargetDependency */,
			);
			name = AnkaUITests;
			productName = AnkaUITests;
			productReference = 0F990E9E289E43740053C074 /* AnkaUITests.xctest */;
			productType = "com.apple.product-type.bundle.ui-testing";
		};
/* End PBXNativeTarget section */

/* Begin PBXProject section */
		0F990E76289E43710053C074 /* Project object */ = {
			isa = PBXProject;
			attributes = {
				BuildIndependentTargetsInParallel = 1;
				LastSwiftUpdateCheck = 1340;
				LastUpgradeCheck = 1340;
				TargetAttributes = {
					0F990E7D289E43710053C074 = {
						CreatedOnToolsVersion = 13.4.1;
					};
					0F990E93289E43740053C074 = {
						CreatedOnToolsVersion = 13.4.1;
						TestTargetID = 0F990E7D289E43710053C074;
					};
					0F990E9D289E43740053C074 = {
						CreatedOnToolsVersion = 13.4.1;
						TestTargetID = 0F990E7D289E43710053C074;
					};
				};
			};
			buildConfigurationList = 0F990E79289E43710053C074 /* Build configuration list for PBXProject "Anka" */;
			compatibilityVersion = "Xcode 13.0";
			developmentRegion = en;
			hasScannedForEncodings = 0;
			knownRegions = (
				en,
				Base,
			);
			mainGroup = 0F990E75289E43710053C074;
			productRefGroup = 0F990E7F289E43710053C074 /* Products */;
			projectDirPath = "";
			projectRoot = "";
			targets = (
				0F990E7D289E43710053C074 /* Anka */,
				0F990E93289E43740053C074 /* AnkaTests */,
				0F990E9D289E43740053C074 /* AnkaUITests */,
			);
		};
/* End PBXProject section */

/* Begin PBXResourcesBuildPhase section */
		0F990E7C289E43710053C074 /* Resources */ = {
			isa = PBXResourcesBuildPhase;
			buildActionMask = 2147483647;
			files = (
				0F990E8E289E43740053C074 /* LaunchScreen.storyboard in Resources */,
				0F990E8B289E43740053C074 /* Assets.xcassets in Resources */,
				0F990E89289E43710053C074 /* Main.storyboard in Resources */,
			);
			runOnlyForDeploymentPostprocessing = 0;
		};
		0F990E92289E43740053C074 /* Resources */ = {
			isa = PBXResourcesBuildPhase;
			buildActionMask = 2147483647;
			files = (
			);
			runOnlyForDeploymentPostprocessing = 0;
		};
		0F990E9C289E43740053C074 /* Resources */ = {
			isa = PBXResourcesBuildPhase;
			buildActionMask = 2147483647;
			files = (
			);
			runOnlyForDeploymentPostprocessing = 0;
		};
/* End PBXResourcesBuildPhase section */

/* Begin PBXSourcesBuildPhase section */
		0F990E7A289E43710053C074 /* Sources */ = {
			isa = PBXSourcesBuildPhase;
			buildActionMask = 2147483647;
			files = (
				0F990EB4289E43C10053C074 /* ViewController2.swift in Sources */,
				0F990EB2289E43A20053C074 /* gezi.swift in Sources */,
				0F990EB6289E43CF0053C074 /* ViewController3.swift in Sources */,
				0F990E86289E43710053C074 /* ViewController.swift in Sources */,
				0F990E82289E43710053C074 /* AppDelegate.swift in Sources */,
				0F990E84289E43710053C074 /* SceneDelegate.swift in Sources */,
			);
			runOnlyForDeploymentPostprocessing = 0;
		};
		0F990E90289E43740053C074 /* Sources */ = {
			isa = PBXSourcesBuildPhase;
			buildActionMask = 2147483647;
			files = (
				0F990E99289E43740053C074 /* AnkaTests.swift in Sources */,
			);
			runOnlyForDeploymentPostprocessing = 0;
		};
		0F990E9A289E43740053C074 /* Sources */ = {
			isa = PBXSourcesBuildPhase;
			buildActionMask = 2147483647;
			files = (
				0F990EA3289E43740053C074 /* AnkaUITests.swift in Sources */,
				0F990EA5289E43740053C074 /* AnkaUITestsLaunchTests.swift in Sources */,
			);
			runOnlyForDeploymentPostprocessing = 0;
		};
/* End PBXSourcesBuildPhase section */

/* Begin PBXTargetDependency section */
		0F990E96289E43740053C074 /* PBXTargetDependency */ = {
			isa = PBXTargetDependency;
			target = 0F990E7D289E43710053C074 /* Anka */;
			targetProxy = 0F990E95289E43740053C074 /* PBXContainerItemProxy */;
		};
		0F990EA0289E43740053C074 /* PBXTargetDependency */ = {
			isa = PBXTargetDependency;
			target = 0F990E7D289E43710053C074 /* Anka */;
			targetProxy = 0F990E9F289E43740053C074 /* PBXContainerItemProxy */;
		};
/* End PBXTargetDependency section */

/* Begin PBXVariantGroup section */
		0F990E87289E43710053C074 /* Main.storyboard */ = {
			isa = PBXVariantGroup;
			children = (
				0F990E88289E43710053C074 /* Base */,
			);
			name = Main.storyboard;
			sourceTree = "<group>";
		};
		0F990E8C289E43740053C074 /* LaunchScreen.storyboard */ = {
			isa = PBXVariantGroup;
			children = (
				0F990E8D289E43740053C074 /* Base */,
			);
			name = LaunchScreen.storyboard;
			sourceTree = "<group>";
		};
/* End PBXVariantGroup section */

/* Begin XCBuildConfiguration section */
		0F990EA6289E43740053C074 /* Debug */ = {
			isa = XCBuildConfiguration;
			buildSettings = {
				ALWAYS_SEARCH_USER_PATHS = NO;
				CLANG_ANALYZER_NONNULL = YES;
				CLANG_ANALYZER_NUMBER_OBJECT_CONVERSION = YES_AGGRESSIVE;
				CLANG_CXX_LANGUAGE_STANDARD = "gnu++17";
				CLANG_ENABLE_MODULES = YES;
				CLANG_ENABLE_OBJC_ARC = YES;
				CLANG_ENABLE_OBJC_WEAK = YES;
				CLANG_WARN_BLOCK_CAPTURE_AUTORELEASING = YES;
				CLANG_WARN_BOOL_CONVERSION = YES;
				CLANG_WARN_COMMA = YES;
				CLANG_WARN_CONSTANT_CONVERSION = YES;
				CLANG_WARN_DEPRECATED_OBJC_IMPLEMENTATIONS = YES;
				CLANG_WARN_DIRECT_OBJC_ISA_USAGE = YES_ERROR;
				CLANG_WARN_DOCUMENTATION_COMMENTS = YES;
				CLANG_WARN_EMPTY_BODY = YES;
				CLANG_WARN_ENUM_CONVERSION = YES;
				CLANG_WARN_INFINITE_RECURSION = YES;
				CLANG_WARN_INT_CONVERSION = YES;
				CLANG_WARN_NON_LITERAL_NULL_CONVERSION = YES;
				CLANG_WARN_OBJC_IMPLICIT_RETAIN_SELF = YES;
				CLANG_WARN_OBJC_LITERAL_CONVERSION = YES;
				CLANG_WARN_OBJC_ROOT_CLASS = YES_ERROR;
				CLANG_WARN_QUOTED_INCLUDE_IN_FRAMEWORK_HEADER = YES;
				CLANG_WARN_RANGE_LOOP_ANALYSIS = YES;
				CLANG_WARN_STRICT_PROTOTYPES = YES;
				CLANG_WARN_SUSPICIOUS_MOVE = YES;
				CLANG_WARN_UNGUARDED_AVAILABILITY = YES_AGGRESSIVE;
				CLANG_WARN_UNREACHABLE_CODE = YES;
				CLANG_WARN__DUPLICATE_METHOD_MATCH = YES;
				COPY_PHASE_STRIP = NO;
				DEBUG_INFORMATION_FORMAT = dwarf;
				ENABLE_STRICT_OBJC_MSGSEND = YES;
				ENABLE_TESTABILITY = YES;
				GCC_C_LANGUAGE_STANDARD = gnu11;
				GCC_DYNAMIC_NO_PIC = NO;
				GCC_NO_COMMON_BLOCKS = YES;
				GCC_OPTIMIZATION_LEVEL = 0;
				GCC_PREPROCESSOR_DEFINITIONS = (
					"DEBUG=1",
					"$(inherited)",
				);
				GCC_WARN_64_TO_32_BIT_CONVERSION = YES;
				GCC_WARN_ABOUT_RETURN_TYPE = YES_ERROR;
				GCC_WARN_UNDECLARED_SELECTOR = YES;
				GCC_WARN_UNINITIALIZED_AUTOS = YES_AGGRESSIVE;
				GCC_WARN_UNUSED_FUNCTION = YES;
				GCC_WARN_UNUSED_VARIABLE = YES;
				IPHONEOS_DEPLOYMENT_TARGET = 15.5;
				MTL_ENABLE_DEBUG_INFO = INCLUDE_SOURCE;
				MTL_FAST_MATH = YES;
				ONLY_ACTIVE_ARCH = YES;
				SDKROOT = iphoneos;
				SWIFT_ACTIVE_COMPILATION_CONDITIONS = DEBUG;
				SWIFT_OPTIMIZATION_LEVEL = "-Onone";
			};
			name = Debug;
		};
		0F990EA7289E43740053C074 /* Release */ = {
			isa = XCBuildConfiguration;
			buildSettings = {
				ALWAYS_SEARCH_USER_PATHS = NO;
				CLANG_ANALYZER_NONNULL = YES;
				CLANG_ANALYZER_NUMBER_OBJECT_CONVERSION = YES_AGGRESSIVE;
				CLANG_CXX_LANGUAGE_STANDARD = "gnu++17";
				CLANG_ENABLE_MODULES = YES;
				CLANG_ENABLE_OBJC_ARC = YES;
				CLANG_ENABLE_OBJC_WEAK = YES;
				CLANG_WARN_BLOCK_CAPTURE_AUTORELEASING = YES;
				CLANG_WARN_BOOL_CONVERSION = YES;
				CLANG_WARN_COMMA = YES;
				CLANG_WARN_CONSTANT_CONVERSION = YES;
				CLANG_WARN_DEPRECATED_OBJC_IMPLEMENTATIONS = YES;
				CLANG_WARN_DIRECT_OBJC_ISA_USAGE = YES_ERROR;
				CLANG_WARN_DOCUMENTATION_COMMENTS = YES;
				CLANG_WARN_EMPTY_BODY = YES;
				CLANG_WARN_ENUM_CONVERSION = YES;
				CLANG_WARN_INFINITE_RECURSION = YES;
				CLANG_WARN_INT_CONVERSION = YES;
				CLANG_WARN_NON_LITERAL_NULL_CONVERSION = YES;
				CLANG_WARN_OBJC_IMPLICIT_RETAIN_SELF = YES;
				CLANG_WARN_OBJC_LITERAL_CONVERSION = YES;
				CLANG_WARN_OBJC_ROOT_CLASS = YES_ERROR;
				CLANG_WARN_QUOTED_INCLUDE_IN_FRAMEWORK_HEADER = YES;
				CLANG_WARN_RANGE_LOOP_ANALYSIS = YES;
				CLANG_WARN_STRICT_PROTOTYPES = YES;
				CLANG_WARN_SUSPICIOUS_MOVE = YES;
				CLANG_WARN_UNGUARDED_AVAILABILITY = YES_AGGRESSIVE;
				CLANG_WARN_UNREACHABLE_CODE = YES;
				CLANG_WARN__DUPLICATE_METHOD_MATCH = YES;
				COPY_PHASE_STRIP = NO;
				DEBUG_INFORMATION_FORMAT = "dwarf-with-dsym";
				ENABLE_NS_ASSERTIONS = NO;
				ENABLE_STRICT_OBJC_MSGSEND = YES;
				GCC_C_LANGUAGE_STANDARD = gnu11;
				GCC_NO_COMMON_BLOCKS = YES;
				GCC_WARN_64_TO_32_BIT_CONVERSION = YES;
				GCC_WARN_ABOUT_RETURN_TYPE = YES_ERROR;
				GCC_WARN_UNDECLARED_SELECTOR = YES;
				GCC_WARN_UNINITIALIZED_AUTOS = YES_AGGRESSIVE;
				GCC_WARN_UNUSED_FUNCTION = YES;
				GCC_WARN_UNUSED_VARIABLE = YES;
				IPHONEOS_DEPLOYMENT_TARGET = 15.5;
				MTL_ENABLE_DEBUG_INFO = NO;
				MTL_FAST_MATH = YES;
				SDKROOT = iphoneos;
				SWIFT_COMPILATION_MODE = wholemodule;
				SWIFT_OPTIMIZATION_LEVEL = "-O";
				VALIDATE_PRODUCT = YES;
			};
			name = Release;
		};
		0F990EA9289E43740053C074 /* Debug */ = {
			isa = XCBuildConfiguration;
			buildSettings = {
				ASSETCATALOG_COMPILER_APPICON_NAME = AppIcon;
				ASSETCATALOG_COMPILER_GLOBAL_ACCENT_COLOR_NAME = AccentColor;
				CODE_SIGN_STYLE = Automatic;
				CURRENT_PROJECT_VERSION = 1;
				DEVELOPMENT_TEAM = GUT5CV78F7;
				GENERATE_INFOPLIST_FILE = YES;
				INFOPLIST_FILE = Anka/Info.plist;
				INFOPLIST_KEY_UIApplicationSupportsIndirectInputEvents = YES;
				INFOPLIST_KEY_UILaunchStoryboardName = LaunchScreen;
				INFOPLIST_KEY_UIMainStoryboardFile = Main;
				INFOPLIST_KEY_UISupportedInterfaceOrientations_iPad = "UIInterfaceOrientationPortrait UIInterfaceOrientationPortraitUpsideDown UIInterfaceOrientationLandscapeLeft UIInterfaceOrientationLandscapeRight";
				INFOPLIST_KEY_UISupportedInterfaceOrientations_iPhone = "UIInterfaceOrientationPortrait UIInterfaceOrientationLandscapeLeft UIInterfaceOrientationLandscapeRight";
				LD_RUNPATH_SEARCH_PATHS = (
					"$(inherited)",
					"@executable_path/Frameworks",
				);
				MARKETING_VERSION = 1.0;
				PRODUCT_BUNDLE_IDENTIFIER = M.OmerUnver.Anka;
				PRODUCT_NAME = "$(TARGET_NAME)";
				SWIFT_EMIT_LOC_STRINGS = YES;
				SWIFT_VERSION = 5.0;
				TARGETED_DEVICE_FAMILY = "1,2";
			};
			name = Debug;
		};
		0F990EAA289E43740053C074 /* Release */ = {
			isa = XCBuildConfiguration;
			buildSettings = {
				ASSETCATALOG_COMPILER_APPICON_NAME = AppIcon;
				ASSETCATALOG_COMPILER_GLOBAL_ACCENT_COLOR_NAME = AccentColor;
				CODE_SIGN_STYLE = Automatic;
				CURRENT_PROJECT_VERSION = 1;
				DEVELOPMENT_TEAM = GUT5CV78F7;
				GENERATE_INFOPLIST_FILE = YES;
				INFOPLIST_FILE = Anka/Info.plist;
				INFOPLIST_KEY_UIApplicationSupportsIndirectInputEvents = YES;
				INFOPLIST_KEY_UILaunchStoryboardName = LaunchScreen;
				INFOPLIST_KEY_UIMainStoryboardFile = Main;
				INFOPLIST_KEY_UISupportedInterfaceOrientations_iPad = "UIInterfaceOrientationPortrait UIInterfaceOrientationPortraitUpsideDown UIInterfaceOrientationLandscapeLeft UIInterfaceOrientationLandscapeRight";
				INFOPLIST_KEY_UISupportedInterfaceOrientations_iPhone = "UIInterfaceOrientationPortrait UIInterfaceOrientationLandscapeLeft UIInterfaceOrientationLandscapeRight";
				LD_RUNPATH_SEARCH_PATHS = (
					"$(inherited)",
					"@executable_path/Frameworks",
				);
				MARKETING_VERSION = 1.0;
				PRODUCT_BUNDLE_IDENTIFIER = M.OmerUnver.Anka;
				PRODUCT_NAME = "$(TARGET_NAME)";
				SWIFT_EMIT_LOC_STRINGS = YES;
				SWIFT_VERSION = 5.0;
				TARGETED_DEVICE_FAMILY = "1,2";
			};
			name = Release;
		};
		0F990EAC289E43740053C074 /* Debug */ = {
			isa = XCBuildConfiguration;
			buildSettings = {
				ALWAYS_EMBED_SWIFT_STANDARD_LIBRARIES = YES;
				BUNDLE_LOADER = "$(TEST_HOST)";
				CODE_SIGN_STYLE = Automatic;
				CURRENT_PROJECT_VERSION = 1;
				DEVELOPMENT_TEAM = GUT5CV78F7;
				GENERATE_INFOPLIST_FILE = YES;
				IPHONEOS_DEPLOYMENT_TARGET = 15.5;
				MARKETING_VERSION = 1.0;
				PRODUCT_BUNDLE_IDENTIFIER = M.OmerUnver.AnkaTests;
				PRODUCT_NAME = "$(TARGET_NAME)";
				SWIFT_EMIT_LOC_STRINGS = NO;
				SWIFT_VERSION = 5.0;
				TARGETED_DEVICE_FAMILY = "1,2";
				TEST_HOST = "$(BUILT_PRODUCTS_DIR)/Anka.app/Anka";
			};
			name = Debug;
		};
		0F990EAD289E43740053C074 /* Release */ = {
			isa = XCBuildConfiguration;
			buildSettings = {
				ALWAYS_EMBED_SWIFT_STANDARD_LIBRARIES = YES;
				BUNDLE_LOADER = "$(TEST_HOST)";
				CODE_SIGN_STYLE = Automatic;
				CURRENT_PROJECT_VERSION = 1;
				DEVELOPMENT_TEAM = GUT5CV78F7;
				GENERATE_INFOPLIST_FILE = YES;
				IPHONEOS_DEPLOYMENT_TARGET = 15.5;
				MARKETING_VERSION = 1.0;
				PRODUCT_BUNDLE_IDENTIFIER = M.OmerUnver.AnkaTests;
				PRODUCT_NAME = "$(TARGET_NAME)";
				SWIFT_EMIT_LOC_STRINGS = NO;
				SWIFT_VERSION = 5.0;
				TARGETED_DEVICE_FAMILY = "1,2";
				TEST_HOST = "$(BUILT_PRODUCTS_DIR)/Anka.app/Anka";
			};
			name = Release;
		};
		0F990EAF289E43740053C074 /* Debug */ = {
			isa = XCBuildConfiguration;
			buildSettings = {
				ALWAYS_EMBED_SWIFT_STANDARD_LIBRARIES = YES;
				CODE_SIGN_STYLE = Automatic;
				CURRENT_PROJECT_VERSION = 1;
				DEVELOPMENT_TEAM = GUT5CV78F7;
				GENERATE_INFOPLIST_FILE = YES;
				MARKETING_VERSION = 1.0;
				PRODUCT_BUNDLE_IDENTIFIER = M.OmerUnver.AnkaUITests;
				PRODUCT_NAME = "$(TARGET_NAME)";
				SWIFT_EMIT_LOC_STRINGS = NO;
				SWIFT_VERSION = 5.0;
				TARGETED_DEVICE_FAMILY = "1,2";
				TEST_TARGET_NAME = Anka;
			};
			name = Debug;
		};
		0F990EB0289E43740053C074 /* Release */ = {
			isa = XCBuildConfiguration;
			buildSettings = {
				ALWAYS_EMBED_SWIFT_STANDARD_LIBRARIES = YES;
				CODE_SIGN_STYLE = Automatic;
				CURRENT_PROJECT_VERSION = 1;
				DEVELOPMENT_TEAM = GUT5CV78F7;
				GENERATE_INFOPLIST_FILE = YES;
				MARKETING_VERSION = 1.0;
				PRODUCT_BUNDLE_IDENTIFIER = M.OmerUnver.AnkaUITests;
				PRODUCT_NAME = "$(TARGET_NAME)";
				SWIFT_EMIT_LOC_STRINGS = NO;
				SWIFT_VERSION = 5.0;
				TARGETED_DEVICE_FAMILY = "1,2";
				TEST_TARGET_NAME = Anka;
			};
			name = Release;
		};
/* End XCBuildConfiguration section */

/* Begin XCConfigurationList section */
		0F990E79289E43710053C074 /* Build configuration list for PBXProject "Anka" */ = {
			isa = XCConfigurationList;
			buildConfigurations = (
				0F990EA6289E43740053C074 /* Debug */,
				0F990EA7289E43740053C074 /* Release */,
			);
			defaultConfigurationIsVisible = 0;
			defaultConfigurationName = Release;
		};
		0F990EA8289E43740053C074 /* Build configuration list for PBXNativeTarget "Anka" */ = {
			isa = XCConfigurationList;
			buildConfigurations = (
				0F990EA9289E43740053C074 /* Debug */,
				0F990EAA289E43740053C074 /* Release */,
			);
			defaultConfigurationIsVisible = 0;
			defaultConfigurationName = Release;
		};
		0F990EAB289E43740053C074 /* Build configuration list for PBXNativeTarget "AnkaTests" */ = {
			isa = XCConfigurationList;
			buildConfigurations = (
				0F990EAC289E43740053C074 /* Debug */,
				0F990EAD289E43740053C074 /* Release */,
			);
			defaultConfigurationIsVisible = 0;
			defaultConfigurationName = Release;
		};
		0F990EAE289E43740053C074 /* Build configuration list for PBXNativeTarget "AnkaUITests" */ = {
			isa = XCConfigurationList;
			buildConfigurations = (
				0F990EAF289E43740053C074 /* Debug */,
				0F990EB0289E43740053C074 /* Release */,
			);
			defaultConfigurationIsVisible = 0;
			defaultConfigurationName = Release;
		};
/* End XCConfigurationList section */
	};
	rootObject = 0F990E76289E43710053C074 /* Project object */;
}
